<?xml version="1.0" encoding="utf-8"?>
<Project ToolsVersion="4.0" xmlns="http://schemas.microsoft.com/developer/msbuild/2003">
  <ItemGroup>
    <Filter Include="Source Files">
      <UniqueIdentifier>{4FC737F1-C7A5-4376-A066-2A32D752A2FF}</UniqueIdentifier>
      <Extensions>cpp;c;cc;cxx;def;odl;idl;hpj;bat;asm;asmx</Extensions>
    </Filter>
    <Filter Include="Header Files">
      <UniqueIdentifier>{93995380-89BD-4b04-88EB-625FBE52EBFB}</UniqueIdentifier>
      <Extensions>h;hh;hpp;hxx;hm;inl;inc;ipp;xsd</Extensions>
    </Filter>
    <Filter Include="Resource Files">
      <UniqueIdentifier>{67DA6AB6-F800-4c08-8B7A-83BB121AAD01}</UniqueIdentifier>
      <Extensions>rc;ico;cur;bmp;dlg;rc2;rct;bin;rgs;gif;jpg;jpeg;jpe;resx;tiff;tif;png;wav;mfcribbon-ms</Extensions>
    </Filter>
  </ItemGroup>
  <ItemGroup>
    <ClInclude Include="cell.h">
      <Filter>Header Files</Filter>
    </ClInclude>
    <ClInclude Include="position.h">
      <Filter>Header Files</Filter>
    </ClInclude>
    <ClInclude Include="simpleMaze2dGenerator.h">
      <Filter>Header Files</Filter>
    </ClInclude>
    <ClInclude Include="myMaze2dGenerator.h">
      <Filter>Header Files</Filter>
    </ClInclude>
    <ClInclude Include="Maze2d.h">
      <Filter>Header Files</Filter>
    </ClInclude>
    <ClInclude Include="TestMazeGenerator.h">
      <Filter>Header Files</Filter>
    </ClInclude>
    <ClInclude Include="Maze2dGenerator.h">
      <Filter>Header Files</Filter>
    </ClInclude>
    <ClInclude Include="Maze2dGeneratorAB.h">
      <Filter>Header Files</Filter>
    </ClInclude>
    <ClInclude Include="Demo.h">
      <Filter>Header Files</Filter>
    </ClInclude>
    <ClInclude Include="Maze.h">
      <Filter>Header Files</Filter>
    </ClInclude>
    <ClInclude Include="MazeSearchable.h">
      <Filter>Header Files</Filter>
    </ClInclude>
    <ClInclude Include="State.h">
      <Filter>Header Files</Filter>
    </ClInclude>
    <ClInclude Include="CommonSearcher.h">
      <Filter>Header Files</Filter>
    </ClInclude>
    <ClInclude Include="Searcher.h">
      <Filter>Header Files</Filter>
    </ClInclude>
    <ClInclude Include="mazeState.h">
      <Filter>Header Files</Filter>
    </ClInclude>
    <ClInclude Include="Solution.h">
      <Filter>Header Files</Filter>
    </ClInclude>
    <ClInclude Include="Searchable.h">
      <Filter>Header Files</Filter>
    </ClInclude>
    <ClInclude Include="AStar.h">
      <Filter>Header Files</Filter>
    </ClInclude>
    <ClInclude Include="Heuristic.h">
      <Filter>Header Files</Filter>
    </ClInclude>
    <ClInclude Include="pitagorasH.h">
      <Filter>Header Files</Filter>
    </ClInclude>
    <ClInclude Include="manhattanH.h">
      <Filter>Header Files</Filter>
    </ClInclude>
    <ClInclude Include="BFS.h">
      <Filter>Header Files</Filter>
    </ClInclude>
    <ClInclude Include="mazeCompression.h">
      <Filter>Header Files</Filter>
    </ClInclude>
    <ClInclude Include="MyModel.h">
      <Filter>Header Files</Filter>
    </ClInclude>
    <ClInclude Include="command.h">
      <Filter>Header Files</Filter>
    </ClInclude>
    <ClInclude Include="saveMazeCommand.h">
      <Filter>Header Files</Filter>
    </ClInclude>
    <ClInclude Include="CLIview.h">
      <Filter>Header Files</Filter>
    </ClInclude>
    <ClInclude Include="mapFiles.h">
      <Filter>Header Files</Filter>
    </ClInclude>
    <ClInclude Include="mapNames.h">
      <Filter>Header Files</Filter>
    </ClInclude>
    <ClInclude Include="myController.h">
      <Filter>Header Files</Filter>
    </ClInclude>
    <ClInclude Include="generateMazeCommand.h">
      <Filter>Header Files</Filter>
    </ClInclude>
    <ClInclude Include="displayMazeCommand.h">
      <Filter>Header Files</Filter>
    </ClInclude>
    <ClInclude Include="loadMazeCommand.h">
      <Filter>Header Files</Filter>
    </ClInclude>
    <ClInclude Include="solveMazeCommand.h">
      <Filter>Header Files</Filter>
    </ClInclude>
    <ClInclude Include="displaySolutionCommand.h">
      <Filter>Header Files</Filter>
    </ClInclude>
    <ClInclude Include="exitCommand.h">
      <Filter>Header Files</Filter>
    </ClInclude>
    <ClInclude Include="dirCommand.h">
      <Filter>Header Files</Filter>
    </ClInclude>
    <ClInclude Include="dirent.h">
      <Filter>Header Files</Filter>
    </ClInclude>
    <ClInclude Include="fileSizeCommand.h">
      <Filter>Header Files</Filter>
    </ClInclude>
    <ClInclude Include="mazeSizeCommand.h">
      <Filter>Header Files</Filter>
    </ClInclude>
    <ClInclude Include="controller.h">
      <Filter>Header Files</Filter>
    </ClInclude>
    <ClInclude Include="View.h">
      <Filter>Header Files</Filter>
    </ClInclude>
    <ClInclude Include="Model.h">
      <Filter>Header Files</Filter>
    </ClInclude>
    <ClInclude Include="MyView.h">
      <Filter>Header Files</Filter>
    </ClInclude>
  </ItemGroup>
  <ItemGroup>
    <ClCompile Include="position.cpp">
      <Filter>Source Files</Filter>
    </ClCompile>
    <ClCompile Include="simpleMaze2dGenerator.cpp">
      <Filter>Source Files</Filter>
    </ClCompile>
    <ClCompile Include="main.cpp">
      <Filter>Source Files</Filter>
    </ClCompile>
    <ClCompile Include="myMaze2dGenerator.cpp">
      <Filter>Source Files</Filter>
    </ClCompile>
    <ClCompile Include="Maze2d.cpp">
      <Filter>Source Files</Filter>
    </ClCompile>
    <ClCompile Include="TestMazeGenerator.cpp">
      <Filter>Source Files</Filter>
    </ClCompile>
    <ClCompile Include="Maze2dGeneratorAB.cpp">
      <Filter>Source Files</Filter>
    </ClCompile>
    <ClCompile Include="Demo.cpp">
      <Filter>Source Files</Filter>
    </ClCompile>
    <ClCompile Include="mazeStatecpp.cpp">
      <Filter>Source Files</Filter>
    </ClCompile>
    <ClCompile Include="MazeSearchable.cpp">
      <Filter>Source Files</Filter>
    </ClCompile>
    <ClCompile Include="manhattanH.cpp">
      <Filter>Source Files</Filter>
    </ClCompile>
    <ClCompile Include="pitagorasH.cpp">
      <Filter>Source Files</Filter>
    </ClCompile>
    <ClCompile Include="mazeCompression.cpp">
      <Filter>Source Files</Filter>
    </ClCompile>
    <ClCompile Include="MyModel.cpp">
      <Filter>Source Files</Filter>
    </ClCompile>
    <ClCompile Include="MyView.cpp">
      <Filter>Source Files</Filter>
    </ClCompile>
  </ItemGroup>
</Project>